[[tools."github:WebAssembly/binaryen"]]
version = "ersion_125"
backend = "github:WebAssembly/binaryen"
"platforms.linux-arm64" = { checksum = "sha256:d0382de3c189a7cbb9fdda93e2966f4557f6a00f201e2c4937c27ca01cead4fc", url = "https://github.com/WebAssembly/binaryen/releases/download/version_125/binaryen-version_125-aarch64-linux.tar.gz", url_api = "https://api.github.com/repos/WebAssembly/binaryen/releases/assets/318550647"}
"platforms.linux-x64" = { checksum = "sha256:7c3bc16599c8274a04d34a504fe4be2047884f900e0e2da2f6fb9cd667183be4", url = "https://github.com/WebAssembly/binaryen/releases/download/version_125/binaryen-version_125-x86_64-linux.tar.gz", url_api = "https://api.github.com/repos/WebAssembly/binaryen/releases/assets/318551992"}
"platforms.macos-arm64" = { checksum = "sha256:28bab047c4ce845c5c1da111222ffee5fafcec0bbedd046ad8b3dcae0fd57076", url = "https://github.com/WebAssembly/binaryen/releases/download/version_125/binaryen-version_125-arm64-macos.tar.gz", url_api = "https://api.github.com/repos/WebAssembly/binaryen/releases/assets/318550675"}
"platforms.macos-x64" = { checksum = "sha256:72a98df1bfb81dd1e241d2b022e15c72edbd49e29d84abc6a1129c7d083072dd", url = "https://github.com/WebAssembly/binaryen/releases/download/version_125/binaryen-version_125-x86_64-macos.tar.gz", url_api = "https://api.github.com/repos/WebAssembly/binaryen/releases/assets/318550676"}
"platforms.windows-x64" = { checksum = "sha256:7d20f9f22ee1d1a195aecccb21390f8c599b5025219520c7c9f04673b39d2c20", url = "https://github.com/WebAssembly/binaryen/releases/download/version_125/binaryen-version_125-x86_64-windows.tar.gz", url_api = "https://api.github.com/repos/WebAssembly/binaryen/releases/assets/318554378"}

[[tools.node]]
version = "25.4.0"
backend = "core:node"
"platforms.linux-x64" = { checksum = "sha256:5951a889ab65b3a73cc88e6d412d70499f523a89fe553b5349471af7586f2be2", url = "https://nodejs.org/dist/v25.4.0/node-v25.4.0-linux-x64.tar.gz"}

[[tools.rust]]
version = "1.93.0"
backend = "core:rust"
